
Microsoft Visual Studio Solution File, Format Version 12.00
# Visual Studio Version 17
VisualStudioVersion = 17.2.32630.192
MinimumVisualStudioVersion = 10.0.40219.1
Project("{FAE04EC0-301F-11D3-BF4B-00C04F79EFBC}") = "WindowsFormsApp-PushLog", "WindowsFormsApp-PushLog\WindowsFormsApp-PushLog.csproj", "{267A6DEF-D967-46A8-9386-4362F1B9118D}"
EndProject
Global
	GlobalSection(SolutionConfigurationPlatforms) = preSolution
		Debug|Any CPU = Debug|Any CPU
		Release|Any CPU = Release|Any CPU
	EndGlobalSection
	GlobalSection(ProjectConfigurationPlatforms) = postSolution
		{267A6DEF-D967-46A8-9386-4362F1B9118D}.Debug|Any CPU.ActiveCfg = Debug|Any CPU
		{267A6DEF-D967-46A8-9386-4362F1B9118D}.Debug|Any CPU.Build.0 = Debug|Any CPU
		{267A6DEF-D967-46A8-9386-4362F1B9118D}.Release|Any CPU.ActiveCfg = Release|Any CPU
		{267A6DEF-D967-46A8-9386-4362F1B9118D}.Release|Any CPU.Build.0 = Release|Any CPU
	EndGlobalSection
	GlobalSection(SolutionProperties) = preSolution
		HideSolutionNode = FALSE
	EndGlobalSection
	GlobalSection(ExtensibilityGlobals) = postSolution
		SolutionGuid = {3ADB3435-3DFA-4755-8171-581E2364E62E}
	EndGlobalSection
EndGlobal
