
Microsoft Visual Studio Solution File, Format Version 12.00
# Visual Studio Version 17
VisualStudioVersion = 17.2.32630.192
MinimumVisualStudioVersion = 10.0.40219.1
Project("{FAE04EC0-301F-11D3-BF4B-00C04F79EFBC}") = "WindowsFormsApp-websocketAccept", "WindowsFormsApp-websocketAccept\WindowsFormsApp-websocketAccept.csproj", "{DDA873BB-7104-4F04-AC54-AC03B3B497A6}"
EndProject
Global
	GlobalSection(SolutionConfigurationPlatforms) = preSolution
		Debug|Any CPU = Debug|Any CPU
		Release|Any CPU = Release|Any CPU
	EndGlobalSection
	GlobalSection(ProjectConfigurationPlatforms) = postSolution
		{DDA873BB-7104-4F04-AC54-AC03B3B497A6}.Debug|Any CPU.ActiveCfg = Debug|Any CPU
		{DDA873BB-7104-4F04-AC54-AC03B3B497A6}.Debug|Any CPU.Build.0 = Debug|Any CPU
		{DDA873BB-7104-4F04-AC54-AC03B3B497A6}.Release|Any CPU.ActiveCfg = Release|Any CPU
		{DDA873BB-7104-4F04-AC54-AC03B3B497A6}.Release|Any CPU.Build.0 = Release|Any CPU
	EndGlobalSection
	GlobalSection(SolutionProperties) = preSolution
		HideSolutionNode = FALSE
	EndGlobalSection
	GlobalSection(ExtensibilityGlobals) = postSolution
		SolutionGuid = {E5F78E12-5BE5-47E1-A465-A79F9B4CF48A}
	EndGlobalSection
EndGlobal
